// !$*UTF8*$!
{
	archiveVersion = 1;
	classes = {
	};
	objectVersion = 56;
	objects = {

/* Begin PBXBuildFile section */
		6421E8B32904BC9E00324553 /* GoogleService-Info.plist in Resources */ = {isa = PBXBuildFile; fileRef = 6421E8B22904BC9E00324553 /* GoogleService-Info.plist */; };
		6421E8B52904E4B500324553 /* CheckedInViewModel.swift in Sources */ = {isa = PBXBuildFile; fileRef = 6421E8B42904E4B500324553 /* CheckedInViewModel.swift */; };
		642FF4C22918293F001BE789 /* UserCoatIDView.swift in Sources */ = {isa = PBXBuildFile; fileRef = 642FF4C12918293F001BE789 /* UserCoatIDView.swift */; };
		64334A312903C324000306E9 /* FirebaseAnalytics in Frameworks */ = {isa = PBXBuildFile; productRef = 64334A302903C324000306E9 /* FirebaseAnalytics */; };
		64334A332903C324000306E9 /* FirebaseAuth in Frameworks */ = {isa = PBXBuildFile; productRef = 64334A322903C324000306E9 /* FirebaseAuth */; };
		64334A352903C324000306E9 /* FirebaseDatabase in Frameworks */ = {isa = PBXBuildFile; productRef = 64334A342903C324000306E9 /* FirebaseDatabase */; };
		64334A372903C324000306E9 /* FirebaseDatabaseSwift in Frameworks */ = {isa = PBXBuildFile; productRef = 64334A362903C324000306E9 /* FirebaseDatabaseSwift */; };
		64334A392903C324000306E9 /* FirebaseFirestore in Frameworks */ = {isa = PBXBuildFile; productRef = 64334A382903C324000306E9 /* FirebaseFirestore */; };
		64334A3B2903C324000306E9 /* FirebaseFirestoreSwift in Frameworks */ = {isa = PBXBuildFile; productRef = 64334A3A2903C324000306E9 /* FirebaseFirestoreSwift */; };
		64334A3D2903C324000306E9 /* FirebaseStorage in Frameworks */ = {isa = PBXBuildFile; productRef = 64334A3C2903C324000306E9 /* FirebaseStorage */; };
		6433E3FB28FFA61000952950 /* JacketStash_PRODApp.swift in Sources */ = {isa = PBXBuildFile; fileRef = 6433E3FA28FFA61000952950 /* JacketStash_PRODApp.swift */; };
		6433E3FD28FFA61000952950 /* ContentView.swift in Sources */ = {isa = PBXBuildFile; fileRef = 6433E3FC28FFA61000952950 /* ContentView.swift */; };
		6433E3FF28FFA61100952950 /* Assets.xcassets in Resources */ = {isa = PBXBuildFile; fileRef = 6433E3FE28FFA61100952950 /* Assets.xcassets */; };
		6433E40228FFA61100952950 /* Preview Assets.xcassets in Resources */ = {isa = PBXBuildFile; fileRef = 6433E40128FFA61100952950 /* Preview Assets.xcassets */; };
		6433E41128FFAB9500952950 /* LoginView.swift in Sources */ = {isa = PBXBuildFile; fileRef = 6433E41028FFAB9500952950 /* LoginView.swift */; };
		6433E41328FFABA100952950 /* RegistrationView.swift in Sources */ = {isa = PBXBuildFile; fileRef = 6433E41228FFABA100952950 /* RegistrationView.swift */; };
		6433E41528FFABBC00952950 /* AuthViewModel.swift in Sources */ = {isa = PBXBuildFile; fileRef = 6433E41428FFABBC00952950 /* AuthViewModel.swift */; };
		6433E42028FFADE900952950 /* UserService.swift in Sources */ = {isa = PBXBuildFile; fileRef = 6433E41F28FFADE900952950 /* UserService.swift */; };
		6433E42428FFAE5E00952950 /* CustomInputField.swift in Sources */ = {isa = PBXBuildFile; fileRef = 6433E42328FFAE5E00952950 /* CustomInputField.swift */; };
		6433E42728FFAEA800952950 /* AuthHeaderView.swift in Sources */ = {isa = PBXBuildFile; fileRef = 6433E42628FFAEA800952950 /* AuthHeaderView.swift */; };
		6433E42A28FFAEFD00952950 /* MainTabView.swift in Sources */ = {isa = PBXBuildFile; fileRef = 6433E42928FFAEFD00952950 /* MainTabView.swift */; };
		6433E43028FFAF4900952950 /* SideMenuView.swift in Sources */ = {isa = PBXBuildFile; fileRef = 6433E42F28FFAF4900952950 /* SideMenuView.swift */; };
		643D0D962922116D00D659FA /* EditProfileView.swift in Sources */ = {isa = PBXBuildFile; fileRef = 643D0D952922116D00D659FA /* EditProfileView.swift */; };
		643D0D9D29221B3200D659FA /* LaunchScreen.swift in Sources */ = {isa = PBXBuildFile; fileRef = 643D0D9C29221B3200D659FA /* LaunchScreen.swift */; };
		64621D832918BA7B00B41F02 /* ProfileSelectorView.swift in Sources */ = {isa = PBXBuildFile; fileRef = 64621D822918BA7B00B41F02 /* ProfileSelectorView.swift */; };
		646F2F9F290078A700EAF837 /* SideMenuOptionRowView.swift in Sources */ = {isa = PBXBuildFile; fileRef = 646F2F9E290078A700EAF837 /* SideMenuOptionRowView.swift */; };
		646F2FA1290078CF00EAF837 /* SideMenuViewModel.swift in Sources */ = {isa = PBXBuildFile; fileRef = 646F2FA0290078CF00EAF837 /* SideMenuViewModel.swift */; };
		646F2FA729007BB400EAF837 /* HomeView.swift in Sources */ = {isa = PBXBuildFile; fileRef = 646F2FA629007BB400EAF837 /* HomeView.swift */; };
		646F2FB029007C1600EAF837 /* CheckInView.swift in Sources */ = {isa = PBXBuildFile; fileRef = 646F2FAF29007C1600EAF837 /* CheckInView.swift */; };
		646F2FB229007C2E00EAF837 /* CheckOutView.swift in Sources */ = {isa = PBXBuildFile; fileRef = 646F2FB129007C2E00EAF837 /* CheckOutView.swift */; };
		646F2FB529007C9E00EAF837 /* UserStatsView.swift in Sources */ = {isa = PBXBuildFile; fileRef = 646F2FB429007C9E00EAF837 /* UserStatsView.swift */; };
		646F2FBA29007CE600EAF837 /* ProfileView.swift in Sources */ = {isa = PBXBuildFile; fileRef = 646F2FB929007CE600EAF837 /* ProfileView.swift */; };
		646F2FBC29007D1000EAF837 /* User.swift in Sources */ = {isa = PBXBuildFile; fileRef = 646F2FBB29007D1000EAF837 /* User.swift */; };
		646F2FBE2900868E00EAF837 /* CheckInOutViewModel.swift in Sources */ = {isa = PBXBuildFile; fileRef = 646F2FBD2900868E00EAF837 /* CheckInOutViewModel.swift */; };
		646F2FC02900878600EAF837 /* RoundedShape.swift in Sources */ = {isa = PBXBuildFile; fileRef = 646F2FBF2900878600EAF837 /* RoundedShape.swift */; };
		647E2E5229241A1600D430DE /* CustomTextBox.swift in Sources */ = {isa = PBXBuildFile; fileRef = 647E2E5129241A1600D430DE /* CustomTextBox.swift */; };
		647E2E542924339100D430DE /* ProfileImageCircleView.swift in Sources */ = {isa = PBXBuildFile; fileRef = 647E2E532924339100D430DE /* ProfileImageCircleView.swift */; };
		647E2E562924476F00D430DE /* EditProfileViewModel.swift in Sources */ = {isa = PBXBuildFile; fileRef = 647E2E552924476F00D430DE /* EditProfileViewModel.swift */; };
		648894D82908B9F900870DF2 /* CheckInNotifView.swift in Sources */ = {isa = PBXBuildFile; fileRef = 648894D72908B9F900870DF2 /* CheckInNotifView.swift */; };
		64A2FF33290B1657000E4DA5 /* FeedService.swift in Sources */ = {isa = PBXBuildFile; fileRef = 64A2FF32290B1657000E4DA5 /* FeedService.swift */; };
		64A2FF36290B17DF000E4DA5 /* CheckInNotifViewModel.swift in Sources */ = {isa = PBXBuildFile; fileRef = 64A2FF35290B17DF000E4DA5 /* CheckInNotifViewModel.swift */; };
		64A2FF38290B1D53000E4DA5 /* Feed.swift in Sources */ = {isa = PBXBuildFile; fileRef = 64A2FF37290B1D53000E4DA5 /* Feed.swift */; };
		64AF16A32919EA6500266AFE /* AvatarViewPicker.swift in Sources */ = {isa = PBXBuildFile; fileRef = 64AF16A22919EA6500266AFE /* AvatarViewPicker.swift */; };
		64AF16A62919F39C00266AFE /* ImagePicker.swift in Sources */ = {isa = PBXBuildFile; fileRef = 64AF16A52919F39C00266AFE /* ImagePicker.swift */; };
		64AF16A82919FEE400266AFE /* ImageUploader.swift in Sources */ = {isa = PBXBuildFile; fileRef = 64AF16A72919FEE400266AFE /* ImageUploader.swift */; };
		64AF16AB291A05BD00266AFE /* Kingfisher in Frameworks */ = {isa = PBXBuildFile; productRef = 64AF16AA291A05BD00266AFE /* Kingfisher */; };
		64B6114829036BF500396586 /* ButtonPressActions.swift in Sources */ = {isa = PBXBuildFile; fileRef = 64B6114729036BF500396586 /* ButtonPressActions.swift */; };
		64B6114A290399B300396586 /* CheckInOutButton.swift in Sources */ = {isa = PBXBuildFile; fileRef = 64B61149290399B300396586 /* CheckInOutButton.swift */; };
		64D12E842925C8DA00742C16 /* CheckOutConfirmationView.swift in Sources */ = {isa = PBXBuildFile; fileRef = 64D12E832925C8DA00742C16 /* CheckOutConfirmationView.swift */; };
		64D12E862925DE7E00742C16 /* CheckInConfirmationSheet.swift in Sources */ = {isa = PBXBuildFile; fileRef = 64D12E852925DE7E00742C16 /* CheckInConfirmationSheet.swift */; };
/* End PBXBuildFile section */

/* Begin PBXFileReference section */
		6421E8B22904BC9E00324553 /* GoogleService-Info.plist */ = {isa = PBXFileReference; fileEncoding = 4; lastKnownFileType = text.plist.xml; name = "GoogleService-Info.plist"; path = "JacketStash_PROD/GoogleService-Info.plist"; sourceTree = "<group>"; };
		6421E8B42904E4B500324553 /* CheckedInViewModel.swift */ = {isa = PBXFileReference; lastKnownFileType = sourcecode.swift; path = CheckedInViewModel.swift; sourceTree = "<group>"; };
		642FF4C12918293F001BE789 /* UserCoatIDView.swift */ = {isa = PBXFileReference; lastKnownFileType = sourcecode.swift; path = UserCoatIDView.swift; sourceTree = "<group>"; };
		6433E3F728FFA61000952950 /* JacketStash_PROD.app */ = {isa = PBXFileReference; explicitFileType = wrapper.application; includeInIndex = 0; path = JacketStash_PROD.app; sourceTree = BUILT_PRODUCTS_DIR; };
		6433E3FA28FFA61000952950 /* JacketStash_PRODApp.swift */ = {isa = PBXFileReference; lastKnownFileType = sourcecode.swift; path = JacketStash_PRODApp.swift; sourceTree = "<group>"; };
		6433E3FC28FFA61000952950 /* ContentView.swift */ = {isa = PBXFileReference; lastKnownFileType = sourcecode.swift; path = ContentView.swift; sourceTree = "<group>"; };
		6433E3FE28FFA61100952950 /* Assets.xcassets */ = {isa = PBXFileReference; lastKnownFileType = folder.assetcatalog; path = Assets.xcassets; sourceTree = "<group>"; };
		6433E40128FFA61100952950 /* Preview Assets.xcassets */ = {isa = PBXFileReference; lastKnownFileType = folder.assetcatalog; path = "Preview Assets.xcassets"; sourceTree = "<group>"; };
		6433E41028FFAB9500952950 /* LoginView.swift */ = {isa = PBXFileReference; lastKnownFileType = sourcecode.swift; path = LoginView.swift; sourceTree = "<group>"; };
		6433E41228FFABA100952950 /* RegistrationView.swift */ = {isa = PBXFileReference; lastKnownFileType = sourcecode.swift; path = RegistrationView.swift; sourceTree = "<group>"; };
		6433E41428FFABBC00952950 /* AuthViewModel.swift */ = {isa = PBXFileReference; lastKnownFileType = sourcecode.swift; path = AuthViewModel.swift; sourceTree = "<group>"; };
		6433E41F28FFADE900952950 /* UserService.swift */ = {isa = PBXFileReference; lastKnownFileType = sourcecode.swift; path = UserService.swift; sourceTree = "<group>"; };
		6433E42328FFAE5E00952950 /* CustomInputField.swift */ = {isa = PBXFileReference; lastKnownFileType = sourcecode.swift; path = CustomInputField.swift; sourceTree = "<group>"; };
		6433E42628FFAEA800952950 /* AuthHeaderView.swift */ = {isa = PBXFileReference; lastKnownFileType = sourcecode.swift; path = AuthHeaderView.swift; sourceTree = "<group>"; };
		6433E42928FFAEFD00952950 /* MainTabView.swift */ = {isa = PBXFileReference; lastKnownFileType = sourcecode.swift; path = MainTabView.swift; sourceTree = "<group>"; };
		6433E42F28FFAF4900952950 /* SideMenuView.swift */ = {isa = PBXFileReference; lastKnownFileType = sourcecode.swift; path = SideMenuView.swift; sourceTree = "<group>"; };
		643D0D952922116D00D659FA /* EditProfileView.swift */ = {isa = PBXFileReference; lastKnownFileType = sourcecode.swift; path = EditProfileView.swift; sourceTree = "<group>"; };
		643D0D9C29221B3200D659FA /* LaunchScreen.swift */ = {isa = PBXFileReference; lastKnownFileType = sourcecode.swift; path = LaunchScreen.swift; sourceTree = "<group>"; };
		64621D822918BA7B00B41F02 /* ProfileSelectorView.swift */ = {isa = PBXFileReference; lastKnownFileType = sourcecode.swift; path = ProfileSelectorView.swift; sourceTree = "<group>"; };
		646F2F9E290078A700EAF837 /* SideMenuOptionRowView.swift */ = {isa = PBXFileReference; lastKnownFileType = sourcecode.swift; path = SideMenuOptionRowView.swift; sourceTree = "<group>"; };
		646F2FA0290078CF00EAF837 /* SideMenuViewModel.swift */ = {isa = PBXFileReference; lastKnownFileType = sourcecode.swift; path = SideMenuViewModel.swift; sourceTree = "<group>"; };
		646F2FA629007BB400EAF837 /* HomeView.swift */ = {isa = PBXFileReference; lastKnownFileType = sourcecode.swift; path = HomeView.swift; sourceTree = "<group>"; };
		646F2FAF29007C1600EAF837 /* CheckInView.swift */ = {isa = PBXFileReference; lastKnownFileType = sourcecode.swift; path = CheckInView.swift; sourceTree = "<group>"; };
		646F2FB129007C2E00EAF837 /* CheckOutView.swift */ = {isa = PBXFileReference; lastKnownFileType = sourcecode.swift; path = CheckOutView.swift; sourceTree = "<group>"; };
		646F2FB429007C9E00EAF837 /* UserStatsView.swift */ = {isa = PBXFileReference; lastKnownFileType = sourcecode.swift; path = UserStatsView.swift; sourceTree = "<group>"; };
		646F2FB929007CE600EAF837 /* ProfileView.swift */ = {isa = PBXFileReference; lastKnownFileType = sourcecode.swift; path = ProfileView.swift; sourceTree = "<group>"; };
		646F2FBB29007D1000EAF837 /* User.swift */ = {isa = PBXFileReference; lastKnownFileType = sourcecode.swift; path = User.swift; sourceTree = "<group>"; };
		646F2FBD2900868E00EAF837 /* CheckInOutViewModel.swift */ = {isa = PBXFileReference; lastKnownFileType = sourcecode.swift; path = CheckInOutViewModel.swift; sourceTree = "<group>"; };
		646F2FBF2900878600EAF837 /* RoundedShape.swift */ = {isa = PBXFileReference; lastKnownFileType = sourcecode.swift; path = RoundedShape.swift; sourceTree = "<group>"; };
		647E2E5129241A1600D430DE /* CustomTextBox.swift */ = {isa = PBXFileReference; lastKnownFileType = sourcecode.swift; path = CustomTextBox.swift; sourceTree = "<group>"; };
		647E2E532924339100D430DE /* ProfileImageCircleView.swift */ = {isa = PBXFileReference; lastKnownFileType = sourcecode.swift; path = ProfileImageCircleView.swift; sourceTree = "<group>"; };
		647E2E552924476F00D430DE /* EditProfileViewModel.swift */ = {isa = PBXFileReference; lastKnownFileType = sourcecode.swift; path = EditProfileViewModel.swift; sourceTree = "<group>"; };
		648894D72908B9F900870DF2 /* CheckInNotifView.swift */ = {isa = PBXFileReference; lastKnownFileType = sourcecode.swift; path = CheckInNotifView.swift; sourceTree = "<group>"; };
		64A2FF32290B1657000E4DA5 /* FeedService.swift */ = {isa = PBXFileReference; lastKnownFileType = sourcecode.swift; path = FeedService.swift; sourceTree = "<group>"; };
		64A2FF35290B17DF000E4DA5 /* CheckInNotifViewModel.swift */ = {isa = PBXFileReference; lastKnownFileType = sourcecode.swift; path = CheckInNotifViewModel.swift; sourceTree = "<group>"; };
		64A2FF37290B1D53000E4DA5 /* Feed.swift */ = {isa = PBXFileReference; lastKnownFileType = sourcecode.swift; path = Feed.swift; sourceTree = "<group>"; };
		64AF16A22919EA6500266AFE /* AvatarViewPicker.swift */ = {isa = PBXFileReference; lastKnownFileType = sourcecode.swift; path = AvatarViewPicker.swift; sourceTree = "<group>"; };
		64AF16A52919F39C00266AFE /* ImagePicker.swift */ = {isa = PBXFileReference; lastKnownFileType = sourcecode.swift; path = ImagePicker.swift; sourceTree = "<group>"; };
		64AF16A72919FEE400266AFE /* ImageUploader.swift */ = {isa = PBXFileReference; lastKnownFileType = sourcecode.swift; path = ImageUploader.swift; sourceTree = "<group>"; };
		64B6114729036BF500396586 /* ButtonPressActions.swift */ = {isa = PBXFileReference; lastKnownFileType = sourcecode.swift; path = ButtonPressActions.swift; sourceTree = "<group>"; };
		64B61149290399B300396586 /* CheckInOutButton.swift */ = {isa = PBXFileReference; lastKnownFileType = sourcecode.swift; path = CheckInOutButton.swift; sourceTree = "<group>"; };
		64D12E832925C8DA00742C16 /* CheckOutConfirmationView.swift */ = {isa = PBXFileReference; lastKnownFileType = sourcecode.swift; path = CheckOutConfirmationView.swift; sourceTree = "<group>"; };
		64D12E852925DE7E00742C16 /* CheckInConfirmationSheet.swift */ = {isa = PBXFileReference; lastKnownFileType = sourcecode.swift; path = CheckInConfirmationSheet.swift; sourceTree = "<group>"; };
/* End PBXFileReference section */

/* Begin PBXFrameworksBuildPhase section */
		6433E3F428FFA61000952950 /* Frameworks */ = {
			isa = PBXFrameworksBuildPhase;
			buildActionMask = 2147483647;
			files = (
				64334A372903C324000306E9 /* FirebaseDatabaseSwift in Frameworks */,
				64334A352903C324000306E9 /* FirebaseDatabase in Frameworks */,
				64334A312903C324000306E9 /* FirebaseAnalytics in Frameworks */,
				64334A392903C324000306E9 /* FirebaseFirestore in Frameworks */,
				64AF16AB291A05BD00266AFE /* Kingfisher in Frameworks */,
				64334A3D2903C324000306E9 /* FirebaseStorage in Frameworks */,
				64334A332903C324000306E9 /* FirebaseAuth in Frameworks */,
				64334A3B2903C324000306E9 /* FirebaseFirestoreSwift in Frameworks */,
			);
			runOnlyForDeploymentPostprocessing = 0;
		};
/* End PBXFrameworksBuildPhase section */

/* Begin PBXGroup section */
		6433E3EE28FFA61000952950 = {
			isa = PBXGroup;
			children = (
				6421E8B22904BC9E00324553 /* GoogleService-Info.plist */,
				6433E3F928FFA61000952950 /* JacketStash_PROD */,
				6433E3F828FFA61000952950 /* Products */,
			);
			sourceTree = "<group>";
		};
		6433E3F828FFA61000952950 /* Products */ = {
			isa = PBXGroup;
			children = (
				6433E3F728FFA61000952950 /* JacketStash_PROD.app */,
			);
			name = Products;
			sourceTree = "<group>";
		};
		6433E3F928FFA61000952950 /* JacketStash_PROD */ = {
			isa = PBXGroup;
			children = (
				64AF16A42919F39300266AFE /* Utils */,
				6433E40A28FFA7B600952950 /* Model */,
				6433E40928FFA7AC00952950 /* Service */,
				6433E40828FFA7A400952950 /* Extensions */,
				6433E40B28FFA7BB00952950 /* Core */,
				6433E3FA28FFA61000952950 /* JacketStash_PRODApp.swift */,
				6433E3FC28FFA61000952950 /* ContentView.swift */,
				6433E3FE28FFA61100952950 /* Assets.xcassets */,
				6433E40028FFA61100952950 /* Preview Content */,
			);
			path = JacketStash_PROD;
			sourceTree = "<group>";
		};
		6433E40028FFA61100952950 /* Preview Content */ = {
			isa = PBXGroup;
			children = (
				6433E40128FFA61100952950 /* Preview Assets.xcassets */,
			);
			path = "Preview Content";
			sourceTree = "<group>";
		};
		6433E40828FFA7A400952950 /* Extensions */ = {
			isa = PBXGroup;
			children = (
			);
			path = Extensions;
			sourceTree = "<group>";
		};
		6433E40928FFA7AC00952950 /* Service */ = {
			isa = PBXGroup;
			children = (
				6433E41F28FFADE900952950 /* UserService.swift */,
				64A2FF32290B1657000E4DA5 /* FeedService.swift */,
				64AF16A72919FEE400266AFE /* ImageUploader.swift */,
			);
			path = Service;
			sourceTree = "<group>";
		};
		6433E40A28FFA7B600952950 /* Model */ = {
			isa = PBXGroup;
			children = (
				646F2FBB29007D1000EAF837 /* User.swift */,
				64A2FF37290B1D53000E4DA5 /* Feed.swift */,
			);
			path = Model;
			sourceTree = "<group>";
		};
		6433E40B28FFA7BB00952950 /* Core */ = {
			isa = PBXGroup;
			children = (
				643D0D972922184800D659FA /* LaunchScreen */,
				6433E40C28FFAA8C00952950 /* Components */,
				643D0D922922114D00D659FA /* EditProfile */,
				648894D22908B9AF00870DF2 /* CheckInNotif */,
				646F2FB629007CBD00EAF837 /* Profile */,
				646F2FAA29007BF700EAF837 /* CheckOut */,
				646F2FA829007BEA00EAF837 /* CheckIn */,
				646F2FA229007B8A00EAF837 /* Home */,
				6433E42B28FFAF2400952950 /* SideMenu */,
				6433E42828FFAEF300952950 /* Main Tab */,
				6433E40D28FFAB6E00952950 /* Authentication */,
			);
			path = Core;
			sourceTree = "<group>";
		};
		6433E40C28FFAA8C00952950 /* Components */ = {
			isa = PBXGroup;
			children = (
				646F2FB329007C8E00EAF837 /* Users */,
				6433E42528FFAE9700952950 /* Authentication */,
				6433E42328FFAE5E00952950 /* CustomInputField.swift */,
				646F2FBF2900878600EAF837 /* RoundedShape.swift */,
				64B6114729036BF500396586 /* ButtonPressActions.swift */,
				64B61149290399B300396586 /* CheckInOutButton.swift */,
				64AF16A22919EA6500266AFE /* AvatarViewPicker.swift */,
				647E2E5129241A1600D430DE /* CustomTextBox.swift */,
				647E2E532924339100D430DE /* ProfileImageCircleView.swift */,
			);
			path = Components;
			sourceTree = "<group>";
		};
		6433E40D28FFAB6E00952950 /* Authentication */ = {
			isa = PBXGroup;
			children = (
				6433E40E28FFAB7C00952950 /* Views */,
				6433E40F28FFAB8300952950 /* ViewModel */,
			);
			path = Authentication;
			sourceTree = "<group>";
		};
		6433E40E28FFAB7C00952950 /* Views */ = {
			isa = PBXGroup;
			children = (
				6433E41028FFAB9500952950 /* LoginView.swift */,
				6433E41228FFABA100952950 /* RegistrationView.swift */,
				64621D822918BA7B00B41F02 /* ProfileSelectorView.swift */,
			);
			path = Views;
			sourceTree = "<group>";
		};
		6433E40F28FFAB8300952950 /* ViewModel */ = {
			isa = PBXGroup;
			children = (
				6433E41428FFABBC00952950 /* AuthViewModel.swift */,
			);
			path = ViewModel;
			sourceTree = "<group>";
		};
		6433E42528FFAE9700952950 /* Authentication */ = {
			isa = PBXGroup;
			children = (
				6433E42628FFAEA800952950 /* AuthHeaderView.swift */,
			);
			path = Authentication;
			sourceTree = "<group>";
		};
		6433E42828FFAEF300952950 /* Main Tab */ = {
			isa = PBXGroup;
			children = (
				6433E42928FFAEFD00952950 /* MainTabView.swift */,
			);
			path = "Main Tab";
			sourceTree = "<group>";
		};
		6433E42B28FFAF2400952950 /* SideMenu */ = {
			isa = PBXGroup;
			children = (
				6433E42E28FFAF3B00952950 /* Views */,
				6433E42D28FFAF3200952950 /* ViewModel */,
			);
			path = SideMenu;
			sourceTree = "<group>";
		};
		6433E42D28FFAF3200952950 /* ViewModel */ = {
			isa = PBXGroup;
			children = (
				646F2FA0290078CF00EAF837 /* SideMenuViewModel.swift */,
			);
			path = ViewModel;
			sourceTree = "<group>";
		};
		6433E42E28FFAF3B00952950 /* Views */ = {
			isa = PBXGroup;
			children = (
				6433E42F28FFAF4900952950 /* SideMenuView.swift */,
				646F2F9E290078A700EAF837 /* SideMenuOptionRowView.swift */,
			);
			path = Views;
			sourceTree = "<group>";
		};
		643D0D922922114D00D659FA /* EditProfile */ = {
			isa = PBXGroup;
			children = (
				643D0D942922115B00D659FA /* Views */,
				643D0D932922115300D659FA /* ViewModel */,
			);
			path = EditProfile;
			sourceTree = "<group>";
		};
		643D0D932922115300D659FA /* ViewModel */ = {
			isa = PBXGroup;
			children = (
				647E2E552924476F00D430DE /* EditProfileViewModel.swift */,
			);
			path = ViewModel;
			sourceTree = "<group>";
		};
		643D0D942922115B00D659FA /* Views */ = {
			isa = PBXGroup;
			children = (
				643D0D952922116D00D659FA /* EditProfileView.swift */,
			);
			path = Views;
			sourceTree = "<group>";
		};
		643D0D972922184800D659FA /* LaunchScreen */ = {
			isa = PBXGroup;
			children = (
				643D0D992922185C00D659FA /* ViewModel */,
				643D0D982922185700D659FA /* Views */,
			);
			path = LaunchScreen;
			sourceTree = "<group>";
		};
		643D0D982922185700D659FA /* Views */ = {
			isa = PBXGroup;
			children = (
				643D0D9C29221B3200D659FA /* LaunchScreen.swift */,
			);
			path = Views;
			sourceTree = "<group>";
		};
		643D0D992922185C00D659FA /* ViewModel */ = {
			isa = PBXGroup;
			children = (
			);
			path = ViewModel;
			sourceTree = "<group>";
		};
		646F2FA229007B8A00EAF837 /* Home */ = {
			isa = PBXGroup;
			children = (
				646F2FA529007BAB00EAF837 /* Views */,
				646F2FA329007B9300EAF837 /* ViewModel */,
			);
			path = Home;
			sourceTree = "<group>";
		};
		646F2FA329007B9300EAF837 /* ViewModel */ = {
			isa = PBXGroup;
			children = (
				646F2FBD2900868E00EAF837 /* CheckInOutViewModel.swift */,
			);
			path = ViewModel;
			sourceTree = "<group>";
		};
		646F2FA529007BAB00EAF837 /* Views */ = {
			isa = PBXGroup;
			children = (
				646F2FA629007BB400EAF837 /* HomeView.swift */,
			);
			path = Views;
			sourceTree = "<group>";
		};
		646F2FA829007BEA00EAF837 /* CheckIn */ = {
			isa = PBXGroup;
			children = (
				646F2FAE29007C0D00EAF837 /* Views */,
				646F2FAD29007C0700EAF837 /* ViewModel */,
			);
			path = CheckIn;
			sourceTree = "<group>";
		};
		646F2FAA29007BF700EAF837 /* CheckOut */ = {
			isa = PBXGroup;
			children = (
				646F2FAC29007C0300EAF837 /* Views */,
				646F2FAB29007BFE00EAF837 /* ViewModel */,
			);
			path = CheckOut;
			sourceTree = "<group>";
		};
		646F2FAB29007BFE00EAF837 /* ViewModel */ = {
			isa = PBXGroup;
			children = (
			);
			path = ViewModel;
			sourceTree = "<group>";
		};
		646F2FAC29007C0300EAF837 /* Views */ = {
			isa = PBXGroup;
			children = (
				646F2FB129007C2E00EAF837 /* CheckOutView.swift */,
			);
			path = Views;
			sourceTree = "<group>";
		};
		646F2FAD29007C0700EAF837 /* ViewModel */ = {
			isa = PBXGroup;
			children = (
				6421E8B42904E4B500324553 /* CheckedInViewModel.swift */,
			);
			path = ViewModel;
			sourceTree = "<group>";
		};
		646F2FAE29007C0D00EAF837 /* Views */ = {
			isa = PBXGroup;
			children = (
				646F2FAF29007C1600EAF837 /* CheckInView.swift */,
				64D12E832925C8DA00742C16 /* CheckOutConfirmationView.swift */,
				64D12E852925DE7E00742C16 /* CheckInConfirmationSheet.swift */,
			);
			path = Views;
			sourceTree = "<group>";
		};
		646F2FB329007C8E00EAF837 /* Users */ = {
			isa = PBXGroup;
			children = (
				646F2FB429007C9E00EAF837 /* UserStatsView.swift */,
				642FF4C12918293F001BE789 /* UserCoatIDView.swift */,
			);
			path = Users;
			sourceTree = "<group>";
		};
		646F2FB629007CBD00EAF837 /* Profile */ = {
			isa = PBXGroup;
			children = (
				646F2FB829007CCB00EAF837 /* Views */,
				646F2FB729007CC600EAF837 /* ViewModel */,
			);
			path = Profile;
			sourceTree = "<group>";
		};
		646F2FB729007CC600EAF837 /* ViewModel */ = {
			isa = PBXGroup;
			children = (
			);
			path = ViewModel;
			sourceTree = "<group>";
		};
		646F2FB829007CCB00EAF837 /* Views */ = {
			isa = PBXGroup;
			children = (
				646F2FB929007CE600EAF837 /* ProfileView.swift */,
			);
			path = Views;
			sourceTree = "<group>";
		};
		648894D22908B9AF00870DF2 /* CheckInNotif */ = {
			isa = PBXGroup;
			children = (
				648894D62908B9E500870DF2 /* ViewModel */,
				648894D52908B9E100870DF2 /* Views */,
			);
			path = CheckInNotif;
			sourceTree = "<group>";
		};
		648894D52908B9E100870DF2 /* Views */ = {
			isa = PBXGroup;
			children = (
				648894D72908B9F900870DF2 /* CheckInNotifView.swift */,
			);
			path = Views;
			sourceTree = "<group>";
		};
		648894D62908B9E500870DF2 /* ViewModel */ = {
			isa = PBXGroup;
			children = (
				64A2FF35290B17DF000E4DA5 /* CheckInNotifViewModel.swift */,
			);
			path = ViewModel;
			sourceTree = "<group>";
		};
		64AF16A42919F39300266AFE /* Utils */ = {
			isa = PBXGroup;
			children = (
				64AF16A52919F39C00266AFE /* ImagePicker.swift */,
			);
			path = Utils;
			sourceTree = "<group>";
		};
/* End PBXGroup section */

/* Begin PBXNativeTarget section */
		6433E3F628FFA61000952950 /* JacketStash_PROD */ = {
			isa = PBXNativeTarget;
			buildConfigurationList = 6433E40528FFA61100952950 /* Build configuration list for PBXNativeTarget "JacketStash_PROD" */;
			buildPhases = (
				6433E3F328FFA61000952950 /* Sources */,
				6433E3F428FFA61000952950 /* Frameworks */,
				6433E3F528FFA61000952950 /* Resources */,
			);
			buildRules = (
			);
			dependencies = (
			);
			name = JacketStash_PROD;
			packageProductDependencies = (
				64334A302903C324000306E9 /* FirebaseAnalytics */,
				64334A322903C324000306E9 /* FirebaseAuth */,
				64334A342903C324000306E9 /* FirebaseDatabase */,
				64334A362903C324000306E9 /* FirebaseDatabaseSwift */,
				64334A382903C324000306E9 /* FirebaseFirestore */,
				64334A3A2903C324000306E9 /* FirebaseFirestoreSwift */,
				64334A3C2903C324000306E9 /* FirebaseStorage */,
				64AF16AA291A05BD00266AFE /* Kingfisher */,
			);
			productName = JacketStash_PROD;
			productReference = 6433E3F728FFA61000952950 /* JacketStash_PROD.app */;
			productType = "com.apple.product-type.application";
		};
/* End PBXNativeTarget section */

/* Begin PBXProject section */
		6433E3EF28FFA61000952950 /* Project object */ = {
			isa = PBXProject;
			attributes = {
				BuildIndependentTargetsInParallel = 1;
				LastSwiftUpdateCheck = 1400;
				LastUpgradeCheck = 1400;
				TargetAttributes = {
					6433E3F628FFA61000952950 = {
						CreatedOnToolsVersion = 14.0.1;
					};
				};
			};
			buildConfigurationList = 6433E3F228FFA61000952950 /* Build configuration list for PBXProject "JacketStash_PROD" */;
			compatibilityVersion = "Xcode 14.0";
			developmentRegion = en;
			hasScannedForEncodings = 0;
			knownRegions = (
				en,
				Base,
			);
			mainGroup = 6433E3EE28FFA61000952950;
			packageReferences = (
				64334A2F2903C324000306E9 /* XCRemoteSwiftPackageReference "firebase-ios-sdk" */,
				64AF16A9291A05BD00266AFE /* XCRemoteSwiftPackageReference "Kingfisher" */,
			);
			productRefGroup = 6433E3F828FFA61000952950 /* Products */;
			projectDirPath = "";
			projectRoot = "";
			targets = (
				6433E3F628FFA61000952950 /* JacketStash_PROD */,
			);
		};
/* End PBXProject section */

/* Begin PBXResourcesBuildPhase section */
		6433E3F528FFA61000952950 /* Resources */ = {
			isa = PBXResourcesBuildPhase;
			buildActionMask = 2147483647;
			files = (
				6433E40228FFA61100952950 /* Preview Assets.xcassets in Resources */,
				6433E3FF28FFA61100952950 /* Assets.xcassets in Resources */,
				6421E8B32904BC9E00324553 /* GoogleService-Info.plist in Resources */,
			);
			runOnlyForDeploymentPostprocessing = 0;
		};
/* End PBXResourcesBuildPhase section */

/* Begin PBXSourcesBuildPhase section */
		6433E3F328FFA61000952950 /* Sources */ = {
			isa = PBXSourcesBuildPhase;
			buildActionMask = 2147483647;
			files = (
				6433E41528FFABBC00952950 /* AuthViewModel.swift in Sources */,
				646F2FB229007C2E00EAF837 /* CheckOutView.swift in Sources */,
				6433E41128FFAB9500952950 /* LoginView.swift in Sources */,
				643D0D962922116D00D659FA /* EditProfileView.swift in Sources */,
				64B6114829036BF500396586 /* ButtonPressActions.swift in Sources */,
				646F2FA729007BB400EAF837 /* HomeView.swift in Sources */,
				6433E43028FFAF4900952950 /* SideMenuView.swift in Sources */,
				646F2FBE2900868E00EAF837 /* CheckInOutViewModel.swift in Sources */,
				6421E8B52904E4B500324553 /* CheckedInViewModel.swift in Sources */,
				6433E42A28FFAEFD00952950 /* MainTabView.swift in Sources */,
				646F2FA1290078CF00EAF837 /* SideMenuViewModel.swift in Sources */,
				647E2E5229241A1600D430DE /* CustomTextBox.swift in Sources */,
				647E2E542924339100D430DE /* ProfileImageCircleView.swift in Sources */,
				646F2FB529007C9E00EAF837 /* UserStatsView.swift in Sources */,
				64A2FF36290B17DF000E4DA5 /* CheckInNotifViewModel.swift in Sources */,
				64D12E842925C8DA00742C16 /* CheckOutConfirmationView.swift in Sources */,
				6433E42028FFADE900952950 /* UserService.swift in Sources */,
				64AF16A82919FEE400266AFE /* ImageUploader.swift in Sources */,
				642FF4C22918293F001BE789 /* UserCoatIDView.swift in Sources */,
				646F2FBA29007CE600EAF837 /* ProfileView.swift in Sources */,
				6433E3FD28FFA61000952950 /* ContentView.swift in Sources */,
				643D0D9D29221B3200D659FA /* LaunchScreen.swift in Sources */,
				64621D832918BA7B00B41F02 /* ProfileSelectorView.swift in Sources */,
				647E2E562924476F00D430DE /* EditProfileViewModel.swift in Sources */,
				646F2FB029007C1600EAF837 /* CheckInView.swift in Sources */,
				6433E42428FFAE5E00952950 /* CustomInputField.swift in Sources */,
				646F2F9F290078A700EAF837 /* SideMenuOptionRowView.swift in Sources */,
				648894D82908B9F900870DF2 /* CheckInNotifView.swift in Sources */,
				64D12E862925DE7E00742C16 /* CheckInConfirmationSheet.swift in Sources */,
				64A2FF38290B1D53000E4DA5 /* Feed.swift in Sources */,
				646F2FC02900878600EAF837 /* RoundedShape.swift in Sources */,
				64AF16A62919F39C00266AFE /* ImagePicker.swift in Sources */,
				64A2FF33290B1657000E4DA5 /* FeedService.swift in Sources */,
				646F2FBC29007D1000EAF837 /* User.swift in Sources */,
				64B6114A290399B300396586 /* CheckInOutButton.swift in Sources */,
				6433E42728FFAEA800952950 /* AuthHeaderView.swift in Sources */,
				64AF16A32919EA6500266AFE /* AvatarViewPicker.swift in Sources */,
				6433E3FB28FFA61000952950 /* JacketStash_PRODApp.swift in Sources */,
				6433E41328FFABA100952950 /* RegistrationView.swift in Sources */,
			);
			runOnlyForDeploymentPostprocessing = 0;
		};
/* End PBXSourcesBuildPhase section */

/* Begin XCBuildConfiguration section */
		6433E40328FFA61100952950 /* Debug */ = {
			isa = XCBuildConfiguration;
			buildSettings = {
				ALWAYS_SEARCH_USER_PATHS = NO;
				CLANG_ANALYZER_NONNULL = YES;
				CLANG_ANALYZER_NUMBER_OBJECT_CONVERSION = YES_AGGRESSIVE;
				CLANG_CXX_LANGUAGE_STANDARD = "gnu++20";
				CLANG_ENABLE_MODULES = YES;
				CLANG_ENABLE_OBJC_ARC = YES;
				CLANG_ENABLE_OBJC_WEAK = YES;
				CLANG_WARN_BLOCK_CAPTURE_AUTORELEASING = YES;
				CLANG_WARN_BOOL_CONVERSION = YES;
				CLANG_WARN_COMMA = YES;
				CLANG_WARN_CONSTANT_CONVERSION = YES;
				CLANG_WARN_DEPRECATED_OBJC_IMPLEMENTATIONS = YES;
				CLANG_WARN_DIRECT_OBJC_ISA_USAGE = YES_ERROR;
				CLANG_WARN_DOCUMENTATION_COMMENTS = YES;
				CLANG_WARN_EMPTY_BODY = YES;
				CLANG_WARN_ENUM_CONVERSION = YES;
				CLANG_WARN_INFINITE_RECURSION = YES;
				CLANG_WARN_INT_CONVERSION = YES;
				CLANG_WARN_NON_LITERAL_NULL_CONVERSION = YES;
				CLANG_WARN_OBJC_IMPLICIT_RETAIN_SELF = YES;
				CLANG_WARN_OBJC_LITERAL_CONVERSION = YES;
				CLANG_WARN_OBJC_ROOT_CLASS = YES_ERROR;
				CLANG_WARN_QUOTED_INCLUDE_IN_FRAMEWORK_HEADER = YES;
				CLANG_WARN_RANGE_LOOP_ANALYSIS = YES;
				CLANG_WARN_STRICT_PROTOTYPES = YES;
				CLANG_WARN_SUSPICIOUS_MOVE = YES;
				CLANG_WARN_UNGUARDED_AVAILABILITY = YES_AGGRESSIVE;
				CLANG_WARN_UNREACHABLE_CODE = YES;
				CLANG_WARN__DUPLICATE_METHOD_MATCH = YES;
				COPY_PHASE_STRIP = NO;
				DEBUG_INFORMATION_FORMAT = dwarf;
				ENABLE_STRICT_OBJC_MSGSEND = YES;
				ENABLE_TESTABILITY = YES;
				GCC_C_LANGUAGE_STANDARD = gnu11;
				GCC_DYNAMIC_NO_PIC = NO;
				GCC_NO_COMMON_BLOCKS = YES;
				GCC_OPTIMIZATION_LEVEL = 0;
				GCC_PREPROCESSOR_DEFINITIONS = (
					"DEBUG=1",
					"$(inherited)",
				);
				GCC_WARN_64_TO_32_BIT_CONVERSION = YES;
				GCC_WARN_ABOUT_RETURN_TYPE = YES_ERROR;
				GCC_WARN_UNDECLARED_SELECTOR = YES;
				GCC_WARN_UNINITIALIZED_AUTOS = YES_AGGRESSIVE;
				GCC_WARN_UNUSED_FUNCTION = YES;
				GCC_WARN_UNUSED_VARIABLE = YES;
				IPHONEOS_DEPLOYMENT_TARGET = 16.0;
				MTL_ENABLE_DEBUG_INFO = INCLUDE_SOURCE;
				MTL_FAST_MATH = YES;
				ONLY_ACTIVE_ARCH = YES;
				SDKROOT = iphoneos;
				SWIFT_ACTIVE_COMPILATION_CONDITIONS = DEBUG;
				SWIFT_OPTIMIZATION_LEVEL = "-Onone";
			};
			name = Debug;
		};
		6433E40428FFA61100952950 /* Release */ = {
			isa = XCBuildConfiguration;
			buildSettings = {
				ALWAYS_SEARCH_USER_PATHS = NO;
				CLANG_ANALYZER_NONNULL = YES;
				CLANG_ANALYZER_NUMBER_OBJECT_CONVERSION = YES_AGGRESSIVE;
				CLANG_CXX_LANGUAGE_STANDARD = "gnu++20";
				CLANG_ENABLE_MODULES = YES;
				CLANG_ENABLE_OBJC_ARC = YES;
				CLANG_ENABLE_OBJC_WEAK = YES;
				CLANG_WARN_BLOCK_CAPTURE_AUTORELEASING = YES;
				CLANG_WARN_BOOL_CONVERSION = YES;
				CLANG_WARN_COMMA = YES;
				CLANG_WARN_CONSTANT_CONVERSION = YES;
				CLANG_WARN_DEPRECATED_OBJC_IMPLEMENTATIONS = YES;
				CLANG_WARN_DIRECT_OBJC_ISA_USAGE = YES_ERROR;
				CLANG_WARN_DOCUMENTATION_COMMENTS = YES;
				CLANG_WARN_EMPTY_BODY = YES;
				CLANG_WARN_ENUM_CONVERSION = YES;
				CLANG_WARN_INFINITE_RECURSION = YES;
				CLANG_WARN_INT_CONVERSION = YES;
				CLANG_WARN_NON_LITERAL_NULL_CONVERSION = YES;
				CLANG_WARN_OBJC_IMPLICIT_RETAIN_SELF = YES;
				CLANG_WARN_OBJC_LITERAL_CONVERSION = YES;
				CLANG_WARN_OBJC_ROOT_CLASS = YES_ERROR;
				CLANG_WARN_QUOTED_INCLUDE_IN_FRAMEWORK_HEADER = YES;
				CLANG_WARN_RANGE_LOOP_ANALYSIS = YES;
				CLANG_WARN_STRICT_PROTOTYPES = YES;
				CLANG_WARN_SUSPICIOUS_MOVE = YES;
				CLANG_WARN_UNGUARDED_AVAILABILITY = YES_AGGRESSIVE;
				CLANG_WARN_UNREACHABLE_CODE = YES;
				CLANG_WARN__DUPLICATE_METHOD_MATCH = YES;
				COPY_PHASE_STRIP = NO;
				DEBUG_INFORMATION_FORMAT = "dwarf-with-dsym";
				ENABLE_NS_ASSERTIONS = NO;
				ENABLE_STRICT_OBJC_MSGSEND = YES;
				GCC_C_LANGUAGE_STANDARD = gnu11;
				GCC_NO_COMMON_BLOCKS = YES;
				GCC_WARN_64_TO_32_BIT_CONVERSION = YES;
				GCC_WARN_ABOUT_RETURN_TYPE = YES_ERROR;
				GCC_WARN_UNDECLARED_SELECTOR = YES;
				GCC_WARN_UNINITIALIZED_AUTOS = YES_AGGRESSIVE;
				GCC_WARN_UNUSED_FUNCTION = YES;
				GCC_WARN_UNUSED_VARIABLE = YES;
				IPHONEOS_DEPLOYMENT_TARGET = 16.0;
				MTL_ENABLE_DEBUG_INFO = NO;
				MTL_FAST_MATH = YES;
				SDKROOT = iphoneos;
				SWIFT_COMPILATION_MODE = wholemodule;
				SWIFT_OPTIMIZATION_LEVEL = "-O";
				VALIDATE_PRODUCT = YES;
			};
			name = Release;
		};
		6433E40628FFA61100952950 /* Debug */ = {
			isa = XCBuildConfiguration;
			buildSettings = {
				ASSETCATALOG_COMPILER_APPICON_NAME = AppIcon;
				ASSETCATALOG_COMPILER_GLOBAL_ACCENT_COLOR_NAME = AccentColor;
				ASSETCATALOG_COMPILER_INCLUDE_ALL_APPICON_ASSETS = YES;
				CODE_SIGN_STYLE = Automatic;
				CURRENT_PROJECT_VERSION = 1;
				DEVELOPMENT_ASSET_PATHS = "\"JacketStash_PROD/Preview Content\"";
				DEVELOPMENT_TEAM = 4CAV49JU76;
				ENABLE_PREVIEWS = YES;
				GENERATE_INFOPLIST_FILE = YES;
				INFOPLIST_KEY_CFBundleDisplayName = JacketStash;
				INFOPLIST_KEY_LSApplicationCategoryType = "public.app-category.business";
				INFOPLIST_KEY_UIApplicationSceneManifest_Generation = YES;
				INFOPLIST_KEY_UIApplicationSupportsIndirectInputEvents = YES;
				INFOPLIST_KEY_UILaunchScreen_Generation = YES;
				INFOPLIST_KEY_UILaunchStoryboardName = j;
				INFOPLIST_KEY_UIStatusBarStyle = "";
				INFOPLIST_KEY_UISupportedInterfaceOrientations = UIInterfaceOrientationPortrait;
				IPHONEOS_DEPLOYMENT_TARGET = 16.0;
				LD_RUNPATH_SEARCH_PATHS = (
					"$(inherited)",
					"@executable_path/Frameworks",
				);
				MARKETING_VERSION = 1.0;
				PRODUCT_BUNDLE_IDENTIFIER = "aly3ye-virginia.edu.JacketStash-PROD";
				PRODUCT_NAME = "$(TARGET_NAME)";
				SWIFT_EMIT_LOC_STRINGS = YES;
				SWIFT_VERSION = 5.0;
				TARGETED_DEVICE_FAMILY = "1,2";
			};
			name = Debug;
		};
		6433E40728FFA61100952950 /* Release */ = {
			isa = XCBuildConfiguration;
			buildSettings = {
				ASSETCATALOG_COMPILER_APPICON_NAME = AppIcon;
				ASSETCATALOG_COMPILER_GLOBAL_ACCENT_COLOR_NAME = AccentColor;
				ASSETCATALOG_COMPILER_INCLUDE_ALL_APPICON_ASSETS = YES;
				CODE_SIGN_STYLE = Automatic;
				CURRENT_PROJECT_VERSION = 1;
				DEVELOPMENT_ASSET_PATHS = "\"JacketStash_PROD/Preview Content\"";
				DEVELOPMENT_TEAM = 4CAV49JU76;
				ENABLE_PREVIEWS = YES;
				GENERATE_INFOPLIST_FILE = YES;
				INFOPLIST_KEY_CFBundleDisplayName = JacketStash;
				INFOPLIST_KEY_LSApplicationCategoryType = "public.app-category.business";
				INFOPLIST_KEY_UIApplicationSceneManifest_Generation = YES;
				INFOPLIST_KEY_UIApplicationSupportsIndirectInputEvents = YES;
				INFOPLIST_KEY_UILaunchScreen_Generation = YES;
				INFOPLIST_KEY_UILaunchStoryboardName = j;
				INFOPLIST_KEY_UIStatusBarStyle = "";
				INFOPLIST_KEY_UISupportedInterfaceOrientations = UIInterfaceOrientationPortrait;
				IPHONEOS_DEPLOYMENT_TARGET = 16.0;
				LD_RUNPATH_SEARCH_PATHS = (
					"$(inherited)",
					"@executable_path/Frameworks",
				);
				MARKETING_VERSION = 1.0;
				PRODUCT_BUNDLE_IDENTIFIER = "aly3ye-virginia.edu.JacketStash-PROD";
				PRODUCT_NAME = "$(TARGET_NAME)";
				SWIFT_EMIT_LOC_STRINGS = YES;
				SWIFT_VERSION = 5.0;
				TARGETED_DEVICE_FAMILY = "1,2";
			};
			name = Release;
		};
/* End XCBuildConfiguration section */

/* Begin XCConfigurationList section */
		6433E3F228FFA61000952950 /* Build configuration list for PBXProject "JacketStash_PROD" */ = {
			isa = XCConfigurationList;
			buildConfigurations = (
				6433E40328FFA61100952950 /* Debug */,
				6433E40428FFA61100952950 /* Release */,
			);
			defaultConfigurationIsVisible = 0;
			defaultConfigurationName = Release;
		};
		6433E40528FFA61100952950 /* Build configuration list for PBXNativeTarget "JacketStash_PROD" */ = {
			isa = XCConfigurationList;
			buildConfigurations = (
				6433E40628FFA61100952950 /* Debug */,
				6433E40728FFA61100952950 /* Release */,
			);
			defaultConfigurationIsVisible = 0;
			defaultConfigurationName = Release;
		};
/* End XCConfigurationList section */

/* Begin XCRemoteSwiftPackageReference section */
		64334A2F2903C324000306E9 /* XCRemoteSwiftPackageReference "firebase-ios-sdk" */ = {
			isa = XCRemoteSwiftPackageReference;
			repositoryURL = "https://github.com/firebase/firebase-ios-sdk.git";
			requirement = {
				kind = upToNextMajorVersion;
				minimumVersion = 9.0.0;
			};
		};
		64AF16A9291A05BD00266AFE /* XCRemoteSwiftPackageReference "Kingfisher" */ = {
			isa = XCRemoteSwiftPackageReference;
			repositoryURL = "https://github.com/onevcat/Kingfisher.git";
			requirement = {
				kind = upToNextMajorVersion;
				minimumVersion = 7.0.0;
			};
		};
/* End XCRemoteSwiftPackageReference section */

/* Begin XCSwiftPackageProductDependency section */
		64334A302903C324000306E9 /* FirebaseAnalytics */ = {
			isa = XCSwiftPackageProductDependency;
			package = 64334A2F2903C324000306E9 /* XCRemoteSwiftPackageReference "firebase-ios-sdk" */;
			productName = FirebaseAnalytics;
		};
		64334A322903C324000306E9 /* FirebaseAuth */ = {
			isa = XCSwiftPackageProductDependency;
			package = 64334A2F2903C324000306E9 /* XCRemoteSwiftPackageReference "firebase-ios-sdk" */;
			productName = FirebaseAuth;
		};
		64334A342903C324000306E9 /* FirebaseDatabase */ = {
			isa = XCSwiftPackageProductDependency;
			package = 64334A2F2903C324000306E9 /* XCRemoteSwiftPackageReference "firebase-ios-sdk" */;
			productName = FirebaseDatabase;
		};
		64334A362903C324000306E9 /* FirebaseDatabaseSwift */ = {
			isa = XCSwiftPackageProductDependency;
			package = 64334A2F2903C324000306E9 /* XCRemoteSwiftPackageReference "firebase-ios-sdk" */;
			productName = FirebaseDatabaseSwift;
		};
		64334A382903C324000306E9 /* FirebaseFirestore */ = {
			isa = XCSwiftPackageProductDependency;
			package = 64334A2F2903C324000306E9 /* XCRemoteSwiftPackageReference "firebase-ios-sdk" */;
			productName = FirebaseFirestore;
		};
		64334A3A2903C324000306E9 /* FirebaseFirestoreSwift */ = {
			isa = XCSwiftPackageProductDependency;
			package = 64334A2F2903C324000306E9 /* XCRemoteSwiftPackageReference "firebase-ios-sdk" */;
			productName = FirebaseFirestoreSwift;
		};
		64334A3C2903C324000306E9 /* FirebaseStorage */ = {
			isa = XCSwiftPackageProductDependency;
			package = 64334A2F2903C324000306E9 /* XCRemoteSwiftPackageReference "firebase-ios-sdk" */;
			productName = FirebaseStorage;
		};
		64AF16AA291A05BD00266AFE /* Kingfisher */ = {
			isa = XCSwiftPackageProductDependency;
			package = 64AF16A9291A05BD00266AFE /* XCRemoteSwiftPackageReference "Kingfisher" */;
			productName = Kingfisher;
		};
/* End XCSwiftPackageProductDependency section */
	};
	rootObject = 6433E3EF28FFA61000952950 /* Project object */;
}
